
Microsoft Visual Studio Solution File, Format Version 12.00
# Visual Studio Version 17
VisualStudioVersion = 17.5.002.0
MinimumVisualStudioVersion = 10.0.40219.1
Project("{9A19103F-16F7-4668-BE54-9A1E7A4F7556}") = "RandomQuoteAPI", "RandomQuoteAPI\RandomQuoteAPI.csproj", "{ED3C2CB1-268E-4C98-AFF9-6CA0E6F54AE4}"
EndProject
Global
	GlobalSection(SolutionConfigurationPlatforms) = preSolution
		Debug|Any CPU = Debug|Any CPU
		Release|Any CPU = Release|Any CPU
	EndGlobalSection
	GlobalSection(ProjectConfigurationPlatforms) = postSolution
		{ED3C2CB1-268E-4C98-AFF9-6CA0E6F54AE4}.Debug|Any CPU.ActiveCfg = Debug|Any CPU
		{ED3C2CB1-268E-4C98-AFF9-6CA0E6F54AE4}.Debug|Any CPU.Build.0 = Debug|Any CPU
		{ED3C2CB1-268E-4C98-AFF9-6CA0E6F54AE4}.Release|Any CPU.ActiveCfg = Release|Any CPU
		{ED3C2CB1-268E-4C98-AFF9-6CA0E6F54AE4}.Release|Any CPU.Build.0 = Release|Any CPU
	EndGlobalSection
	GlobalSection(SolutionProperties) = preSolution
		HideSolutionNode = FALSE
	EndGlobalSection
	GlobalSection(ExtensibilityGlobals) = postSolution
		SolutionGuid = {7B137C19-AF66-4391-8634-AB06D181C4CE}
	EndGlobalSection
EndGlobal
